{
  "name": "dsh-system1-observer",
  "version": "0.1.0",
  "lockfileVersion": 3,
  "requires": true,
  "packages": {
    "": {
      "name": "dsh-system1-observer",
      "version": "0.1.0",
      "dependencies": {
        "@deepseek-ai/schemastery": "3.18.4",
        "dsh-system1-runtime": "git+https://github.com/johnlam1968/system1-runtime-repo.git#v0.1.1",
        "yaml": "^2.9.1"
      }
    },
    "node_modules/@deepseek-ai/cosmokit": {
      "version": "1.8.5",
      "license": "MIT"
    },
    "node_modules/@deepseek-ai/schemastery": {
      "version": "3.18.4",
      "license": "MIT",
      "dependencies": {
        "@deepseek-ai/cosmokit": "~1.8.5",
        "@standard-schema/spec": "^1.1.0"
      }
    },
    "node_modules/@standard-schema/spec": {
      "version": "1.1.0",
      "license": "MIT"
    },
    "node_modules/dsh-system1-runtime": {
      "version": "0.1.0",
      "resolved": "git+ssh://git@github.com/johnlam1968/system1-runtime-repo.git#c7b89118f5f3bc5fbc6ea715d3fb9411f68e5f96",
      "license": "MIT",
      "dependencies": {
        "@deepseek-ai/schemastery": "3.18.4",
        "yaml": "^2.9.1"
      }
    },
    "node_modules/yaml": {
      "version": "2.9.1",
      "license": "ISC",
      "bin": {
        "yaml": "bin.mjs"
      },
      "engines": {
        "node": ">= 14.6"
      },
      "funding": {
        "url": "https://github.com/sponsors/eemeli"
      }
    }
  }
}
